
Microsoft Visual Studio Solution File, Format Version 12.00
# Visual Studio Version 17
VisualStudioVersion = 17.13.35806.99 d17.13
MinimumVisualStudioVersion = 10.0.40219.1
Project("{FAE04EC0-301F-11D3-BF4B-00C04F79EFBC}") = "DMA-Backend", "DMA-Backend\DMA-Backend.csproj", "{7FD33FC8-79B3-4BA0-A39B-57C50D528FD8}"
EndProject
Global
	GlobalSection(SolutionConfigurationPlatforms) = preSolution
		Debug|Any CPU = Debug|Any CPU
		Release|Any CPU = Release|Any CPU
	EndGlobalSection
	GlobalSection(ProjectConfigurationPlatforms) = postSolution
		{7FD33FC8-79B3-4BA0-A39B-57C50D528FD8}.Debug|Any CPU.ActiveCfg = Debug|Any CPU
		{7FD33FC8-79B3-4BA0-A39B-57C50D528FD8}.Debug|Any CPU.Build.0 = Debug|Any CPU
		{7FD33FC8-79B3-4BA0-A39B-57C50D528FD8}.Release|Any CPU.ActiveCfg = Release|Any CPU
		{7FD33FC8-79B3-4BA0-A39B-57C50D528FD8}.Release|Any CPU.Build.0 = Release|Any CPU
	EndGlobalSection
	GlobalSection(SolutionProperties) = preSolution
		HideSolutionNode = FALSE
	EndGlobalSection
	GlobalSection(ExtensibilityGlobals) = postSolution
		SolutionGuid = {ECAE4F75-6660-44F1-8C8F-440E14D2C469}
	EndGlobalSection
EndGlobal
